schema: '2.0'
stages:
  join:
    cmd: "lyscripts data join --inputs data/2023-isb-multisite.csv data/2023-clb-multisite.csv
      --output data/joined.csv\n"
    deps:
    - path: data/2023-clb-multisite.csv
      hash: md5
      md5: 9d72ee96af2c51033a2fb0bb8551e318
      size: 123938
    - path: data/2023-isb-multisite.csv
      hash: md5
      md5: c3b5e57e4e7e139a630eab6505986b51
      size: 190110
    outs:
    - path: data/joined.csv
      hash: md5
      md5: 747c69ca353ae2967c3d9fa5d258e6ab
      size: 359633
  enhance:
    cmd: "lyscripts data enhance data/joined.csv data/enhanced.csv --modalities CT
      MRI PET FNA diagnostic_consensus pathology pCT\n"
    deps:
    - path: data/joined.csv
      hash: md5
      md5: 747c69ca353ae2967c3d9fa5d258e6ab
      size: 359633
    params:
      params.yaml:
        modalities:
          CT:
          - 0.76
          - 0.81
          MRI:
          - 0.63
          - 0.81
          PET:
          - 0.86
          - 0.79
          FNA:
          - 0.98
          - 0.8
          diagnostic_consensus:
          - 0.86
          - 0.81
          pathology:
          - 1.0
          - 1.0
          pCT:
          - 0.86
          - 0.81
          max_llh:
          - 1.0
          - 1.0
    outs:
    - path: data/enhanced.csv
      hash: md5
      md5: f3b752be16fb194b4566e16951f13bf1
      size: 460298
  statistics:
    cmd: ".venv/bin/python scripts/statistics.py\n"
    deps:
    - path: data/enhanced.csv
      md5: c11857f2f4ebfa770ee2ff5628d69f0d
      size: 458572
    - path: scripts/statistics.py
      md5: fc53b4a142364b88da3ace48d55e2aeb
      size: 11756
    outs:
    - path: figures/statistics.png
      md5: 8ee419375b8fd843aa66d538dfae271b
      size: 224157
  copy:
    cmd: "bash copy.sh\n"
    deps:
    - path: copy.sh
      hash: md5
      md5: 8f2f11ed8419c435154e665ba6f6d00a
      size: 794
    - path: figures
      hash: md5
      md5: 44e9dd46d2d1b0c33227204eb877789c.dir
      size: 9759505
      nfiles: 51
    - path: tables
      hash: md5
      md5: b12679672c7b8200d014db0d11688cda.dir
      size: 1677
      nfiles: 4
  contra-involvement-table:
    cmd: ".venv/bin/python scripts/contra_involvement.py\n"
    deps:
    - path: data/enhanced.csv
      md5: c11857f2f4ebfa770ee2ff5628d69f0d
      size: 458572
    - path: scripts/contra_involvement.py
      md5: 6a369719f0b729e82bf223388ec1eeb8
      size: 2116
    outs:
    - path: tables/contra_involvement.csv
      md5: 8b92ff1820277cf6247c7be0b271a4d7
      size: 639
  tables@contra_involvement:
    cmd: "python scripts/contra_involvement.py\n"
    deps:
    - path: data/enhanced.csv
      hash: md5
      md5: f3b752be16fb194b4566e16951f13bf1
      size: 460298
    - path: scripts/contra_involvement.py
      hash: md5
      md5: 686dbabbd13bea735d4105d3623f0467
      size: 1689
    outs:
    - path: tables/contra_involvement.csv
      hash: md5
      md5: f9ebb649087a6efb2f3136c6afe83451
      size: 639
  figures@statistics:
    cmd: "python scripts/statistics.py\n"
    deps:
    - path: data/enhanced.csv
      hash: md5
      md5: f3b752be16fb194b4566e16951f13bf1
      size: 460298
    - path: scripts/statistics.py
      hash: md5
      md5: a6f04e8371cde2665ddd0598ecab9227
      size: 10914
    outs:
    - path: figures/statistics.png
      hash: md5
      md5: 12b60eafb5964d874afa2ee61b8af3d0
      size: 221932
  figures@venn_diagram:
    cmd: "python scripts/venn_diagram.py\n"
    deps:
    - path: data/enhanced.csv
      hash: md5
      md5: f3b752be16fb194b4566e16951f13bf1
      size: 460298
    - path: scripts/venn_diagram.py
      hash: md5
      md5: 70f7fffb093619080a8f7f469e397f1f
      size: 1911
    outs:
    - path: figures/venn_diagram.png
      hash: md5
      md5: c6260bb1a69b06445f8759afa496e905
      size: 77280
  tables@ece_data:
    cmd: "python scripts/ece_data.py\n"
    deps:
    - path: data/enhanced.csv
      hash: md5
      md5: f3b752be16fb194b4566e16951f13bf1
      size: 460298
    - path: scripts/ece_data.py
      hash: md5
      md5: 3fe6b4d1ee3bad3a594b695a22554303
      size: 1381
    outs:
    - path: tables/ece_data.csv
      hash: md5
      md5: 4bcfb44a048a115afe61582b9f0319f7
      size: 225
  logistic-regression:
    cmd: ".venv/bin/python scripts/logistic_regression.py\n"
    deps:
    - path: data/lymph_nodes_invest_OC.csv
      md5: bbe7e3def57cbb40358e4cc01197963e
      size: 25487
    - path: scripts/logistic_regression.py
      md5: 978d1404475e4dca7766d2e76932d1b6
      size: 5229
    outs:
    - path: figures/Log_ROC.svg
      md5: 140ab8a0f46e750c83d8beedc2f60931
      size: 30934
    - path: figures/confusion_matrix.png
      md5: a1b25fc36b98479173504356ffdf5c7b
      size: 30271
    - path: figures/confusionmat_lymphsize_hist.png
      md5: f13f2be6a0bd64cf081e07465befc5b1
      size: 53804
  figures@ece_stacked_bar:
    cmd: "python scripts/ece_stacked_bar.py\n"
    deps:
    - path: data/enhanced.csv
      hash: md5
      md5: f3b752be16fb194b4566e16951f13bf1
      size: 460298
    - path: scripts/ece_stacked_bar.py
      hash: md5
      md5: 0acaa22d0cee61067329e79a08ab3661
      size: 4630
    outs:
    - path: figures/ece_stacked_bar.png
      hash: md5
      md5: 31db7c38e15bfd2b29984afca685acf5
      size: 59511
  figures_lymph_invest@lymph_invest:
    cmd: "python scripts/lymph_invest.py\n"
    deps:
    - path: data/enhanced.csv
      hash: md5
      md5: f3b752be16fb194b4566e16951f13bf1
      size: 460298
    - path: scripts/lymph_invest.py
      hash: md5
      md5: 81ff0d55d3620e837fbad8e7954da40b
      size: 26585
  pvalues_lymph_invest@lymph_invest_pvalues:
    cmd: "python scripts/lymph_invest_pvalues.py\n"
    deps:
    - path: scripts/lymph_invest_pvalues.py
      hash: md5
      md5: c8928e42307025aedc9fe9f421955056
      size: 2702
  tables@prevalence_overall:
    cmd: "python scripts/prevalence_overall.py\n"
    deps:
    - path: data/enhanced.csv
      hash: md5
      md5: f3b752be16fb194b4566e16951f13bf1
      size: 460298
    - path: scripts/prevalence_overall.py
      hash: md5
      md5: 7ea22e383aad72f66dea53235183966d
      size: 1867
    outs:
    - path: tables/prevalence_overall.csv
      hash: md5
      md5: 52ccf1b4fed49c7195730f11688eb1d3
      size: 392
  tables@prevalence_by_subsite:
    cmd: "python scripts/prevalence_by_subsite.py\n"
    deps:
    - path: data/enhanced.csv
      hash: md5
      md5: f3b752be16fb194b4566e16951f13bf1
      size: 460298
    - path: scripts/prevalence_by_subsite.py
      hash: md5
      md5: ee39d3fe8989bb2a6c7aac2eafa1156d
      size: 1692
    outs:
    - path: tables/prevalence_by_subsite.csv
      hash: md5
      md5: e5125f4bac4325d57f2e668a1403563b
      size: 274
  tables@involvement_combinations:
    cmd: "python scripts/involvement_combinations.py\n"
    deps:
    - path: data/enhanced.csv
      hash: md5
      md5: f3b752be16fb194b4566e16951f13bf1
      size: 460298
    - path: scripts/involvement_combinations.py
      hash: md5
      md5: a98cf55f25fd0dfc0b7184b1d2343a1a
      size: 2514
    outs:
    - path: tables/involvement_combinations.csv
      hash: md5
      md5: e12c812a3649093ef1415004276a8cf9
      size: 304
  tables@prevalence_stratified:
    cmd: "python scripts/prevalence_stratified.py\n"
    deps:
    - path: data/enhanced.csv
      hash: md5
      md5: f3b752be16fb194b4566e16951f13bf1
      size: 460298
    - path: scripts/prevalence_stratified.py
      hash: md5
      md5: 1bee4f61cb6325649598bc3c91ec6e3d
      size: 2402
    outs:
    - path: tables/prevalence_stratified.csv
      hash: md5
      md5: ba8540fe73ac4f9a77d620bca554734f
      size: 588
  figures@multi_panel_statistics:
    cmd: "python scripts/multi_panel_statistics.py\n"
    deps:
    - path: data/enhanced.csv
      hash: md5
      md5: f3b752be16fb194b4566e16951f13bf1
      size: 460298
    - path: scripts/multi_panel_statistics.py
      hash: md5
      md5: 1f3d46480fa1ca399198302c3bfe42f2
      size: 10910
    outs:
    - path: figures/multi_panel_statistics.png
      hash: md5
      md5: 0865cde932a8c73181e2ccbf87dd2fff
      size: 221105
