schema: '2.0'
stages:
  join:
    cmd: "lyscripts data join --inputs data/2022-isb-multisite.csv data/2022-clb-multisite.csv\
      \ --output data/joined.csv\n"
    deps:
    - path: data/2022-clb-multisite.csv
      md5: 96e24966aef559a8652d5ef77cb67f7c
      size: 118182
    - path: data/2022-isb-multisite.csv
      md5: 83d93b989058a60c838bc2926eeaf20f
      size: 182502
    outs:
    - path: data/joined.csv
      md5: 1052c0c5e38bec77383531a7ef4dcb5e
      size: 353892
  enhance:
    cmd: "lyscripts data enhance data/joined.csv data/enhanced.csv --modalities CT\
      \ MRI PET FNA diagnostic_consensus pathology pCT\n"
    deps:
    - path: data/joined.csv
      md5: 1052c0c5e38bec77383531a7ef4dcb5e
      size: 353892
    params:
      params.yaml:
        modalities:
          CT:
          - 0.76
          - 0.81
          MRI:
          - 0.63
          - 0.81
          PET:
          - 0.86
          - 0.79
          FNA:
          - 0.98
          - 0.8
          diagnostic_consensus:
          - 0.86
          - 0.81
          pathology:
          - 1.0
          - 1.0
          pCT:
          - 0.86
          - 0.81
          max_llh:
          - 1.0
          - 1.0
    outs:
    - path: data/enhanced.csv
      md5: 06d2b537bf77f92f28aaa36717e95e76
      size: 454557
  statistics:
    cmd: ".venv/bin/python scripts/statistics.py\n"
    deps:
    - path: data/enhanced.csv
      md5: 06d2b537bf77f92f28aaa36717e95e76
      size: 454557
    - path: scripts/statistics.py
      md5: a30186373df8ad9c894d10beed36177d
      size: 10644
    outs:
    - path: figures/statistics.png
      md5: ffe6efb6d11429ded5c87e416350e483
      size: 192510
  copy:
    cmd: "cp figures/statistics.png /home/rmnldwg/OneDrive_USZ/Oral\\ Cavity\\ Paper/figures/statistics.png\n"
    deps:
    - path: figures/statistics.png
      md5: ffe6efb6d11429ded5c87e416350e483
      size: 192510
